
Microsoft Visual Studio Solution File, Format Version 12.00
# Visual Studio Version 16
VisualStudioVersion = 16.0.29102.190
MinimumVisualStudioVersion = 10.0.40219.1
Project("{FAE04EC0-301F-11D3-BF4B-00C04F79EFBC}") = "LoginPage", "LoginPage\LoginPage.csproj", "{C98C42C6-14FD-421C-8E5C-8CCA7403353E}"
EndProject
Global
	GlobalSection(SolutionConfigurationPlatforms) = preSolution
		Debug|Any CPU = Debug|Any CPU
		Release|Any CPU = Release|Any CPU
	EndGlobalSection
	GlobalSection(ProjectConfigurationPlatforms) = postSolution
		{C98C42C6-14FD-421C-8E5C-8CCA7403353E}.Debug|Any CPU.ActiveCfg = Debug|Any CPU
		{C98C42C6-14FD-421C-8E5C-8CCA7403353E}.Debug|Any CPU.Build.0 = Debug|Any CPU
		{C98C42C6-14FD-421C-8E5C-8CCA7403353E}.Release|Any CPU.ActiveCfg = Release|Any CPU
		{C98C42C6-14FD-421C-8E5C-8CCA7403353E}.Release|Any CPU.Build.0 = Release|Any CPU
	EndGlobalSection
	GlobalSection(SolutionProperties) = preSolution
		HideSolutionNode = FALSE
	EndGlobalSection
	GlobalSection(ExtensibilityGlobals) = postSolution
		SolutionGuid = {D7012369-225C-4C07-BC09-F82BC8038740}
	EndGlobalSection
EndGlobal
