
Microsoft Visual Studio Solution File, Format Version 12.00
# Visual Studio Version 16
VisualStudioVersion = 16.0.29503.13
MinimumVisualStudioVersion = 10.0.40219.1
Project("{FAE04EC0-301F-11D3-BF4B-00C04F79EFBC}") = "ArrezThumb", "ArrezThumb\ArrezThumb.csproj", "{B0C5E11F-0321-406C-B838-FA959729B0B0}"
EndProject
Global
	GlobalSection(SolutionConfigurationPlatforms) = preSolution
		Debug|Any CPU = Debug|Any CPU
		Release|Any CPU = Release|Any CPU
	EndGlobalSection
	GlobalSection(ProjectConfigurationPlatforms) = postSolution
		{B0C5E11F-0321-406C-B838-FA959729B0B0}.Debug|Any CPU.ActiveCfg = Debug|Any CPU
		{B0C5E11F-0321-406C-B838-FA959729B0B0}.Debug|Any CPU.Build.0 = Debug|Any CPU
		{B0C5E11F-0321-406C-B838-FA959729B0B0}.Release|Any CPU.ActiveCfg = Release|Any CPU
		{B0C5E11F-0321-406C-B838-FA959729B0B0}.Release|Any CPU.Build.0 = Release|Any CPU
	EndGlobalSection
	GlobalSection(SolutionProperties) = preSolution
		HideSolutionNode = FALSE
	EndGlobalSection
	GlobalSection(ExtensibilityGlobals) = postSolution
		SolutionGuid = {721F2FE0-399B-4193-AEB4-25458796FE0F}
	EndGlobalSection
EndGlobal
